
Microsoft Visual Studio Solution File, Format Version 12.00
# Visual Studio Version 17
VisualStudioVersion = 17.2.32516.85
MinimumVisualStudioVersion = 10.0.40219.1
Project("{FAE04EC0-301F-11D3-BF4B-00C04F79EFBC}") = "TC.WEB.API", "TC.WEB.API\TC.WEB.API.csproj", "{A8DE3FB4-505E-448A-82A9-64D5DF2EFF7B}"
EndProject
Project("{2150E333-8FDC-42A3-9474-1A3956D46DE8}") = "Solution Items", "Solution Items", "{72B6AC27-A7E0-4724-B65F-1CD0AEB8D683}"
	ProjectSection(SolutionItems) = preProject
		.editorconfig = .editorconfig
	EndProjectSection
EndProject
Global
	GlobalSection(SolutionConfigurationPlatforms) = preSolution
		Debug|Any CPU = Debug|Any CPU
		Release|Any CPU = Release|Any CPU
	EndGlobalSection
	GlobalSection(ProjectConfigurationPlatforms) = postSolution
		{A8DE3FB4-505E-448A-82A9-64D5DF2EFF7B}.Debug|Any CPU.ActiveCfg = Debug|Any CPU
		{A8DE3FB4-505E-448A-82A9-64D5DF2EFF7B}.Debug|Any CPU.Build.0 = Debug|Any CPU
		{A8DE3FB4-505E-448A-82A9-64D5DF2EFF7B}.Release|Any CPU.ActiveCfg = Release|Any CPU
		{A8DE3FB4-505E-448A-82A9-64D5DF2EFF7B}.Release|Any CPU.Build.0 = Release|Any CPU
	EndGlobalSection
	GlobalSection(SolutionProperties) = preSolution
		HideSolutionNode = FALSE
	EndGlobalSection
	GlobalSection(ExtensibilityGlobals) = postSolution
		SolutionGuid = {70DA0AF6-8085-43D1-8909-BEA55CCB3E6C}
	EndGlobalSection
EndGlobal
